
Microsoft Visual Studio Solution File, Format Version 12.00
# Visual Studio 15
VisualStudioVersion = 15.0.27130.2020
MinimumVisualStudioVersion = 10.0.40219.1
Project("{FAE04EC0-301F-11D3-BF4B-00C04F79EFBC}") = "FinalProjectMVC", "FinalProjectMVC\FinalProjectMVC.csproj", "{F4E8099A-7C99-44CE-9198-B6C9C1F48245}"
EndProject
Global
	GlobalSection(SolutionConfigurationPlatforms) = preSolution
		Debug|Any CPU = Debug|Any CPU
		Release|Any CPU = Release|Any CPU
	EndGlobalSection
	GlobalSection(ProjectConfigurationPlatforms) = postSolution
		{F4E8099A-7C99-44CE-9198-B6C9C1F48245}.Debug|Any CPU.ActiveCfg = Debug|Any CPU
		{F4E8099A-7C99-44CE-9198-B6C9C1F48245}.Debug|Any CPU.Build.0 = Debug|Any CPU
		{F4E8099A-7C99-44CE-9198-B6C9C1F48245}.Release|Any CPU.ActiveCfg = Release|Any CPU
		{F4E8099A-7C99-44CE-9198-B6C9C1F48245}.Release|Any CPU.Build.0 = Release|Any CPU
	EndGlobalSection
	GlobalSection(SolutionProperties) = preSolution
		HideSolutionNode = FALSE
	EndGlobalSection
	GlobalSection(ExtensibilityGlobals) = postSolution
		SolutionGuid = {853D091E-E1AE-4350-ABFA-96A34D66E88F}
	EndGlobalSection
EndGlobal
